
Microsoft Visual Studio Solution File, Format Version 12.00
# Visual Studio 2012
Project("{8BC9CEB8-8B4A-11D0-8D11-00A0C91BC942}") = "Senior_Design", "Senior_Design\Senior_Design.vcxproj", "{CE2C8ED5-0E1D-4004-8B38-A3AF0B84486C}"
EndProject
Project("{8BC9CEB8-8B4A-11D0-8D11-00A0C91BC942}") = "SOS_Random_Numbers", "SOS_Random_Numbers\SOS_Random_Numbers.vcxproj", "{0C390EE5-EA05-47B1-976A-F41ABD429364}"
EndProject
Project("{8BC9CEB8-8B4A-11D0-8D11-00A0C91BC942}") = "SimpleIndex", "SimpleIndex\SimpleIndex.vcxproj", "{4E59CBF1-FFB1-43EA-AE82-D3EADBE4766B}"
EndProject
Global
	GlobalSection(SolutionConfigurationPlatforms) = preSolution
		Debug|Win32 = Debug|Win32
		Debug|x64 = Debug|x64
		Release|Win32 = Release|Win32
		Release|x64 = Release|x64
	EndGlobalSection
	GlobalSection(ProjectConfigurationPlatforms) = postSolution
		{CE2C8ED5-0E1D-4004-8B38-A3AF0B84486C}.Debug|Win32.ActiveCfg = Debug|Win32
		{CE2C8ED5-0E1D-4004-8B38-A3AF0B84486C}.Debug|Win32.Build.0 = Debug|Win32
		{CE2C8ED5-0E1D-4004-8B38-A3AF0B84486C}.Debug|x64.ActiveCfg = Debug|x64
		{CE2C8ED5-0E1D-4004-8B38-A3AF0B84486C}.Debug|x64.Build.0 = Debug|x64
		{CE2C8ED5-0E1D-4004-8B38-A3AF0B84486C}.Release|Win32.ActiveCfg = Release|Win32
		{CE2C8ED5-0E1D-4004-8B38-A3AF0B84486C}.Release|Win32.Build.0 = Release|Win32
		{CE2C8ED5-0E1D-4004-8B38-A3AF0B84486C}.Release|x64.ActiveCfg = Release|x64
		{CE2C8ED5-0E1D-4004-8B38-A3AF0B84486C}.Release|x64.Build.0 = Release|x64
		{0C390EE5-EA05-47B1-976A-F41ABD429364}.Debug|Win32.ActiveCfg = Debug|Win32
		{0C390EE5-EA05-47B1-976A-F41ABD429364}.Debug|Win32.Build.0 = Debug|Win32
		{0C390EE5-EA05-47B1-976A-F41ABD429364}.Debug|x64.ActiveCfg = Debug|x64
		{0C390EE5-EA05-47B1-976A-F41ABD429364}.Debug|x64.Build.0 = Debug|x64
		{0C390EE5-EA05-47B1-976A-F41ABD429364}.Release|Win32.ActiveCfg = Release|Win32
		{0C390EE5-EA05-47B1-976A-F41ABD429364}.Release|Win32.Build.0 = Release|Win32
		{0C390EE5-EA05-47B1-976A-F41ABD429364}.Release|x64.ActiveCfg = Release|x64
		{0C390EE5-EA05-47B1-976A-F41ABD429364}.Release|x64.Build.0 = Release|x64
		{4E59CBF1-FFB1-43EA-AE82-D3EADBE4766B}.Debug|Win32.ActiveCfg = Debug|Win32
		{4E59CBF1-FFB1-43EA-AE82-D3EADBE4766B}.Debug|Win32.Build.0 = Debug|Win32
		{4E59CBF1-FFB1-43EA-AE82-D3EADBE4766B}.Debug|x64.ActiveCfg = Debug|x64
		{4E59CBF1-FFB1-43EA-AE82-D3EADBE4766B}.Debug|x64.Build.0 = Debug|x64
		{4E59CBF1-FFB1-43EA-AE82-D3EADBE4766B}.Release|Win32.ActiveCfg = Release|Win32
		{4E59CBF1-FFB1-43EA-AE82-D3EADBE4766B}.Release|Win32.Build.0 = Release|Win32
		{4E59CBF1-FFB1-43EA-AE82-D3EADBE4766B}.Release|x64.ActiveCfg = Release|x64
		{4E59CBF1-FFB1-43EA-AE82-D3EADBE4766B}.Release|x64.Build.0 = Release|x64
	EndGlobalSection
	GlobalSection(SolutionProperties) = preSolution
		HideSolutionNode = FALSE
	EndGlobalSection
EndGlobal
